
Microsoft Visual Studio Solution File, Format Version 11.00
# Visual Studio 2010
Project("{FAE04EC0-301F-11D3-BF4B-00C04F79EFBC}") = "Glitch Anim Viewer", "Glitch Anim Viewer\Glitch Anim Viewer\Glitch Anim Viewer.csproj", "{DEBB6AB3-8F66-40CD-812D-C6951E76E003}"
EndProject
Project("{FAE04EC0-301F-11D3-BF4B-00C04F79EFBC}") = "Glitch Anim ViewerContent", "Glitch Anim Viewer\Glitch Anim ViewerContent\Glitch Anim ViewerContent.contentproj", "{88828A54-C171-46D8-AAFC-672DB2AD7946}"
EndProject
Global
	GlobalSection(SolutionConfigurationPlatforms) = preSolution
		Debug|x86 = Debug|x86
		Release|x86 = Release|x86
	EndGlobalSection
	GlobalSection(ProjectConfigurationPlatforms) = postSolution
		{DEBB6AB3-8F66-40CD-812D-C6951E76E003}.Debug|x86.ActiveCfg = Debug|x86
		{DEBB6AB3-8F66-40CD-812D-C6951E76E003}.Debug|x86.Build.0 = Debug|x86
		{DEBB6AB3-8F66-40CD-812D-C6951E76E003}.Release|x86.ActiveCfg = Release|x86
		{DEBB6AB3-8F66-40CD-812D-C6951E76E003}.Release|x86.Build.0 = Release|x86
		{88828A54-C171-46D8-AAFC-672DB2AD7946}.Debug|x86.ActiveCfg = Debug|x86
		{88828A54-C171-46D8-AAFC-672DB2AD7946}.Release|x86.ActiveCfg = Release|x86
	EndGlobalSection
	GlobalSection(SolutionProperties) = preSolution
		HideSolutionNode = FALSE
	EndGlobalSection
EndGlobal
